# This file is automatically @generated by Cargo.
# It is not intended for manual editing.
version = 4

[[package]]
name = "aho-corasick"
version = "1.1.3"
source = "registry+https://github.com/rust-lang/crates.io-index"
checksum = "8e60d3430d3a69478ad0993f19238d2df97c507009a52b3c10addcd7f6bcb916"
dependencies = [
 "memchr",
]

[[package]]
name = "bitflags"
version = "2.9.4"
source = "registry+https://github.com/rust-lang/crates.io-index"
checksum = "2261d10cca569e4643e526d8dc2e62e433cc8aba21ab764233731f8d369bf394"

[[package]]
name = "cell"
version = "0.1.1"
dependencies = [
 "regex",
 "signal-hook",
 "termion",
]

[[package]]
name = "libc"
version = "0.2.177"
source = "registry+https://github.com/rust-lang/crates.io-index"
checksum = "2874a2af47a2325c2001a6e6fad9b16a53b802102b528163885171cf92b15976"

[[package]]
name = "libredox"
version = "0.1.10"
source = "registry+https://github.com/rust-lang/crates.io-index"
checksum = "416f7e718bdb06000964960ffa43b4335ad4012ae8b99060261aa4a8088d5ccb"
dependencies = [
 "bitflags",
 "libc",
 "redox_syscall",
]

[[package]]
name = "memchr"
version = "2.7.6"
source = "registry+https://github.com/rust-lang/crates.io-index"
checksum = "f52b00d39961fc5b2736ea853c9cc86238e165017a493d1d5c8eac6bdc4cc273"

[[package]]
name = "numtoa"
version = "0.2.4"
source = "registry+https://github.com/rust-lang/crates.io-index"
checksum = "6aa2c4e539b869820a2b82e1aef6ff40aa85e65decdd5185e83fb4b1249cd00f"

[[package]]
name = "redox_syscall"
version = "0.5.18"
source = "registry+https://github.com/rust-lang/crates.io-index"
checksum = "ed2bf2547551a7053d6fdfafda3f938979645c44812fbfcda098faae3f1a362d"
dependencies = [
 "bitflags",
]

[[package]]
name = "redox_termios"
version = "0.1.3"
source = "registry+https://github.com/rust-lang/crates.io-index"
checksum = "20145670ba436b55d91fc92d25e71160fbfbdd57831631c8d7d36377a476f1cb"

[[package]]
name = "regex"
version = "1.12.2"
source = "registry+https://github.com/rust-lang/crates.io-index"
checksum = "843bc0191f75f3e22651ae5f1e72939ab2f72a4bc30fa80a066bd66edefc24d4"
dependencies = [
 "aho-corasick",
 "memchr",
 "regex-automata",
 "regex-syntax",
]

[[package]]
name = "regex-automata"
version = "0.4.13"
source = "registry+https://github.com/rust-lang/crates.io-index"
checksum = "5276caf25ac86c8d810222b3dbb938e512c55c6831a10f3e6ed1c93b84041f1c"
dependencies = [
 "aho-corasick",
 "memchr",
 "regex-syntax",
]

[[package]]
name = "regex-syntax"
version = "0.8.8"
source = "registry+https://github.com/rust-lang/crates.io-index"
checksum = "7a2d987857b319362043e95f5353c0535c1f58eec5336fdfcf626430af7def58"

[[package]]
name = "signal-hook"
version = "0.3.18"
source = "registry+https://github.com/rust-lang/crates.io-index"
checksum = "d881a16cf4426aa584979d30bd82cb33429027e42122b169753d6ef1085ed6e2"
dependencies = [
 "libc",
 "signal-hook-registry",
]

[[package]]
name = "signal-hook-registry"
version = "1.4.7"
source = "registry+https://github.com/rust-lang/crates.io-index"
checksum = "7664a098b8e616bdfcc2dc0e9ac44eb231eedf41db4e9fe95d8d32ec728dedad"
dependencies = [
 "libc",
]

[[package]]
name = "termion"
version = "4.0.5"
source = "registry+https://github.com/rust-lang/crates.io-index"
checksum = "3669a69de26799d6321a5aa713f55f7e2cd37bd47be044b50f2acafc42c122bb"
dependencies = [
 "libc",
 "libredox",
 "numtoa",
 "redox_termios",
]
